
Microsoft Visual Studio Solution File, Format Version 12.00
# Visual Studio Version 16
VisualStudioVersion = 16.0.29209.62
MinimumVisualStudioVersion = 10.0.40219.1
Project("{9A19103F-16F7-4668-BE54-9A1E7A4F7556}") = "BOQ.API", "BOQ.API.csproj", "{0627A1D6-3AEC-4733-9757-AECC6D5C2501}"
EndProject
Project("{FAE04EC0-301F-11D3-BF4B-00C04F79EFBC}") = "BOQ.API.Tests", "..\BOQ.API.Tests\BOQ.API.Tests.csproj", "{D6D4BA60-3706-42E0-881B-A21D0916C10B}"
EndProject
Global
	GlobalSection(SolutionConfigurationPlatforms) = preSolution
		Debug|Any CPU = Debug|Any CPU
		Release|Any CPU = Release|Any CPU
	EndGlobalSection
	GlobalSection(ProjectConfigurationPlatforms) = postSolution
		{0627A1D6-3AEC-4733-9757-AECC6D5C2501}.Debug|Any CPU.ActiveCfg = Debug|Any CPU
		{0627A1D6-3AEC-4733-9757-AECC6D5C2501}.Debug|Any CPU.Build.0 = Debug|Any CPU
		{0627A1D6-3AEC-4733-9757-AECC6D5C2501}.Release|Any CPU.ActiveCfg = Release|Any CPU
		{0627A1D6-3AEC-4733-9757-AECC6D5C2501}.Release|Any CPU.Build.0 = Release|Any CPU
		{D6D4BA60-3706-42E0-881B-A21D0916C10B}.Debug|Any CPU.ActiveCfg = Debug|Any CPU
		{D6D4BA60-3706-42E0-881B-A21D0916C10B}.Debug|Any CPU.Build.0 = Debug|Any CPU
		{D6D4BA60-3706-42E0-881B-A21D0916C10B}.Release|Any CPU.ActiveCfg = Release|Any CPU
		{D6D4BA60-3706-42E0-881B-A21D0916C10B}.Release|Any CPU.Build.0 = Release|Any CPU
	EndGlobalSection
	GlobalSection(SolutionProperties) = preSolution
		HideSolutionNode = FALSE
	EndGlobalSection
	GlobalSection(ExtensibilityGlobals) = postSolution
		SolutionGuid = {42C0A87A-C752-4624-867C-B4230CF2E592}
	EndGlobalSection
EndGlobal
